// !$*UTF8*$!
{
	archiveVersion = 1;
	classes = {
	};
	objectVersion = 46;
	objects = {

/* Begin PBXBuildFile section */
		952342A21CAD3E4A00B52599 /* EventTableViewCell.swift in Sources */ = {isa = PBXBuildFile; fileRef = 952342A11CAD3E4A00B52599 /* EventTableViewCell.swift */; };
		952342A41CAD3F8300B52599 /* EventTableViewController.swift in Sources */ = {isa = PBXBuildFile; fileRef = 952342A31CAD3F8300B52599 /* EventTableViewController.swift */; };
		95432C2F1C97F19A00BC21C5 /* AppDelegate.swift in Sources */ = {isa = PBXBuildFile; fileRef = 95432C2E1C97F19A00BC21C5 /* AppDelegate.swift */; };
		95432C311C97F19A00BC21C5 /* ViewController.swift in Sources */ = {isa = PBXBuildFile; fileRef = 95432C301C97F19A00BC21C5 /* ViewController.swift */; };
		95432C341C97F19A00BC21C5 /* Main.storyboard in Resources */ = {isa = PBXBuildFile; fileRef = 95432C321C97F19A00BC21C5 /* Main.storyboard */; };
		95432C361C97F19A00BC21C5 /* Assets.xcassets in Resources */ = {isa = PBXBuildFile; fileRef = 95432C351C97F19A00BC21C5 /* Assets.xcassets */; };
		95432C391C97F19A00BC21C5 /* LaunchScreen.storyboard in Resources */ = {isa = PBXBuildFile; fileRef = 95432C371C97F19A00BC21C5 /* LaunchScreen.storyboard */; };
		95432C441C97F19A00BC21C5 /* AssemblyUITests.swift in Sources */ = {isa = PBXBuildFile; fileRef = 95432C431C97F19A00BC21C5 /* AssemblyUITests.swift */; };
		95509BE21C990EFD000B569C /* Event.swift in Sources */ = {isa = PBXBuildFile; fileRef = 95509BE11C990EFD000B569C /* Event.swift */; };
		95566B331C991C0A003A7A45 /* EventAddress.swift in Sources */ = {isa = PBXBuildFile; fileRef = 95566B321C991C0A003A7A45 /* EventAddress.swift */; };
		95566B361C991F07003A7A45 /* User.swift in Sources */ = {isa = PBXBuildFile; fileRef = 95566B351C991F07003A7A45 /* User.swift */; };
		95566B391C992CD3003A7A45 /* Model.swift in Sources */ = {isa = PBXBuildFile; fileRef = 95566B381C992CD3003A7A45 /* Model.swift */; };
		9585E1F11CAF8FD800439290 /* PostEventViewController.swift in Sources */ = {isa = PBXBuildFile; fileRef = 9585E1F01CAF8FD800439290 /* PostEventViewController.swift */; };
		9592D8D61CB01793003A8E3F /* LoginViewController.swift in Sources */ = {isa = PBXBuildFile; fileRef = 9592D8D51CB01793003A8E3F /* LoginViewController.swift */; };
/* End PBXBuildFile section */

/* Begin PBXContainerItemProxy section */
		95432C401C97F19A00BC21C5 /* PBXContainerItemProxy */ = {
			isa = PBXContainerItemProxy;
			containerPortal = 95432C231C97F19A00BC21C5 /* Project object */;
			proxyType = 1;
			remoteGlobalIDString = 95432C2A1C97F19A00BC21C5;
			remoteInfo = Assembly;
		};
/* End PBXContainerItemProxy section */

/* Begin PBXFileReference section */
		952342A11CAD3E4A00B52599 /* EventTableViewCell.swift */ = {isa = PBXFileReference; fileEncoding = 4; lastKnownFileType = sourcecode.swift; path = EventTableViewCell.swift; sourceTree = "<group>"; };
		952342A31CAD3F8300B52599 /* EventTableViewController.swift */ = {isa = PBXFileReference; fileEncoding = 4; lastKnownFileType = sourcecode.swift; path = EventTableViewController.swift; sourceTree = "<group>"; };
		95432C2B1C97F19A00BC21C5 /* Assembly.app */ = {isa = PBXFileReference; explicitFileType = wrapper.application; includeInIndex = 0; path = Assembly.app; sourceTree = BUILT_PRODUCTS_DIR; };
		95432C2E1C97F19A00BC21C5 /* AppDelegate.swift */ = {isa = PBXFileReference; lastKnownFileType = sourcecode.swift; path = AppDelegate.swift; sourceTree = "<group>"; };
		95432C301C97F19A00BC21C5 /* ViewController.swift */ = {isa = PBXFileReference; lastKnownFileType = sourcecode.swift; path = ViewController.swift; sourceTree = "<group>"; };
		95432C331C97F19A00BC21C5 /* Base */ = {isa = PBXFileReference; lastKnownFileType = file.storyboard; name = Base; path = Base.lproj/Main.storyboard; sourceTree = "<group>"; };
		95432C351C97F19A00BC21C5 /* Assets.xcassets */ = {isa = PBXFileReference; lastKnownFileType = folder.assetcatalog; path = Assets.xcassets; sourceTree = "<group>"; };
		95432C381C97F19A00BC21C5 /* Base */ = {isa = PBXFileReference; lastKnownFileType = file.storyboard; name = Base; path = Base.lproj/LaunchScreen.storyboard; sourceTree = "<group>"; };
		95432C3A1C97F19A00BC21C5 /* Info.plist */ = {isa = PBXFileReference; lastKnownFileType = text.plist.xml; path = Info.plist; sourceTree = "<group>"; };
		95432C3F1C97F19A00BC21C5 /* AssemblyUITests.xctest */ = {isa = PBXFileReference; explicitFileType = wrapper.cfbundle; includeInIndex = 0; path = AssemblyUITests.xctest; sourceTree = BUILT_PRODUCTS_DIR; };
		95432C431C97F19A00BC21C5 /* AssemblyUITests.swift */ = {isa = PBXFileReference; lastKnownFileType = sourcecode.swift; path = AssemblyUITests.swift; sourceTree = "<group>"; };
		95432C451C97F19A00BC21C5 /* Info.plist */ = {isa = PBXFileReference; lastKnownFileType = text.plist.xml; path = Info.plist; sourceTree = "<group>"; };
		95509BE11C990EFD000B569C /* Event.swift */ = {isa = PBXFileReference; fileEncoding = 4; lastKnownFileType = sourcecode.swift; path = Event.swift; sourceTree = "<group>"; };
		95566B321C991C0A003A7A45 /* EventAddress.swift */ = {isa = PBXFileReference; fileEncoding = 4; lastKnownFileType = sourcecode.swift; path = EventAddress.swift; sourceTree = "<group>"; };
		95566B351C991F07003A7A45 /* User.swift */ = {isa = PBXFileReference; fileEncoding = 4; lastKnownFileType = sourcecode.swift; path = User.swift; sourceTree = "<group>"; };
		95566B381C992CD3003A7A45 /* Model.swift */ = {isa = PBXFileReference; fileEncoding = 4; lastKnownFileType = sourcecode.swift; path = Model.swift; sourceTree = "<group>"; };
		9585E1F01CAF8FD800439290 /* PostEventViewController.swift */ = {isa = PBXFileReference; fileEncoding = 4; lastKnownFileType = sourcecode.swift; path = PostEventViewController.swift; sourceTree = "<group>"; };
		9592D8D51CB01793003A8E3F /* LoginViewController.swift */ = {isa = PBXFileReference; fileEncoding = 4; lastKnownFileType = sourcecode.swift; path = LoginViewController.swift; sourceTree = "<group>"; };
/* End PBXFileReference section */

/* Begin PBXFrameworksBuildPhase section */
		95432C281C97F19A00BC21C5 /* Frameworks */ = {
			isa = PBXFrameworksBuildPhase;
			buildActionMask = 2147483647;
			files = (
			);
			runOnlyForDeploymentPostprocessing = 0;
		};
		95432C3C1C97F19A00BC21C5 /* Frameworks */ = {
			isa = PBXFrameworksBuildPhase;
			buildActionMask = 2147483647;
			files = (
			);
			runOnlyForDeploymentPostprocessing = 0;
		};
/* End PBXFrameworksBuildPhase section */

/* Begin PBXGroup section */
		95432C221C97F19A00BC21C5 = {
			isa = PBXGroup;
			children = (
				95432C2D1C97F19A00BC21C5 /* Assembly */,
				95432C421C97F19A00BC21C5 /* AssemblyUITests */,
				95432C2C1C97F19A00BC21C5 /* Products */,
			);
			sourceTree = "<group>";
		};
		95432C2C1C97F19A00BC21C5 /* Products */ = {
			isa = PBXGroup;
			children = (
				95432C2B1C97F19A00BC21C5 /* Assembly.app */,
				95432C3F1C97F19A00BC21C5 /* AssemblyUITests.xctest */,
			);
			name = Products;
			sourceTree = "<group>";
		};
		95432C2D1C97F19A00BC21C5 /* Assembly */ = {
			isa = PBXGroup;
			children = (
				95432C2E1C97F19A00BC21C5 /* AppDelegate.swift */,
				95509BE01C990EB4000B569C /* Model */,
				95509BDF1C990EAC000B569C /* Controller */,
				95432C4E1C97FD8D00BC21C5 /* View */,
				95432C321C97F19A00BC21C5 /* Main.storyboard */,
				95432C351C97F19A00BC21C5 /* Assets.xcassets */,
				95432C371C97F19A00BC21C5 /* LaunchScreen.storyboard */,
				95432C3A1C97F19A00BC21C5 /* Info.plist */,
			);
			path = Assembly;
			sourceTree = "<group>";
		};
		95432C421C97F19A00BC21C5 /* AssemblyUITests */ = {
			isa = PBXGroup;
			children = (
				95432C431C97F19A00BC21C5 /* AssemblyUITests.swift */,
				95432C451C97F19A00BC21C5 /* Info.plist */,
			);
			path = AssemblyUITests;
			sourceTree = "<group>";
		};
		95432C4E1C97FD8D00BC21C5 /* View */ = {
			isa = PBXGroup;
			children = (
			);
			name = View;
			sourceTree = "<group>";
		};
		95509BDF1C990EAC000B569C /* Controller */ = {
			isa = PBXGroup;
			children = (
				9592D8D51CB01793003A8E3F /* LoginViewController.swift */,
				95432C301C97F19A00BC21C5 /* ViewController.swift */,
				9585E1F01CAF8FD800439290 /* PostEventViewController.swift */,
				952342A31CAD3F8300B52599 /* EventTableViewController.swift */,
				952342A11CAD3E4A00B52599 /* EventTableViewCell.swift */,
			);
			name = Controller;
			sourceTree = "<group>";
		};
		95509BE01C990EB4000B569C /* Model */ = {
			isa = PBXGroup;
			children = (
				95566B381C992CD3003A7A45 /* Model.swift */,
				95566B341C991EF6003A7A45 /* Profile */,
				95566B371C992CC6003A7A45 /* Event */,
			);
			name = Model;
			sourceTree = "<group>";
		};
		95566B341C991EF6003A7A45 /* Profile */ = {
			isa = PBXGroup;
			children = (
				95566B351C991F07003A7A45 /* User.swift */,
			);
			name = Profile;
			sourceTree = "<group>";
		};
		95566B371C992CC6003A7A45 /* Event */ = {
			isa = PBXGroup;
			children = (
				95509BE11C990EFD000B569C /* Event.swift */,
				95566B321C991C0A003A7A45 /* EventAddress.swift */,
			);
			name = Event;
			sourceTree = "<group>";
		};
/* End PBXGroup section */

/* Begin PBXNativeTarget section */
		95432C2A1C97F19A00BC21C5 /* Assembly */ = {
			isa = PBXNativeTarget;
			buildConfigurationList = 95432C481C97F19A00BC21C5 /* Build configuration list for PBXNativeTarget "Assembly" */;
			buildPhases = (
				95432C271C97F19A00BC21C5 /* Sources */,
				95432C281C97F19A00BC21C5 /* Frameworks */,
				95432C291C97F19A00BC21C5 /* Resources */,
			);
			buildRules = (
			);
			dependencies = (
			);
			name = Assembly;
			productName = Assembly;
			productReference = 95432C2B1C97F19A00BC21C5 /* Assembly.app */;
			productType = "com.apple.product-type.application";
		};
		95432C3E1C97F19A00BC21C5 /* AssemblyUITests */ = {
			isa = PBXNativeTarget;
			buildConfigurationList = 95432C4B1C97F19A00BC21C5 /* Build configuration list for PBXNativeTarget "AssemblyUITests" */;
			buildPhases = (
				95432C3B1C97F19A00BC21C5 /* Sources */,
				95432C3C1C97F19A00BC21C5 /* Frameworks */,
				95432C3D1C97F19A00BC21C5 /* Resources */,
			);
			buildRules = (
			);
			dependencies = (
				95432C411C97F19A00BC21C5 /* PBXTargetDependency */,
			);
			name = AssemblyUITests;
			productName = AssemblyUITests;
			productReference = 95432C3F1C97F19A00BC21C5 /* AssemblyUITests.xctest */;
			productType = "com.apple.product-type.bundle.ui-testing";
		};
/* End PBXNativeTarget section */

/* Begin PBXProject section */
		95432C231C97F19A00BC21C5 /* Project object */ = {
			isa = PBXProject;
			attributes = {
				LastSwiftUpdateCheck = 0720;
				LastUpgradeCheck = 0720;
				ORGANIZATIONNAME = RMIT;
				TargetAttributes = {
					95432C2A1C97F19A00BC21C5 = {
						CreatedOnToolsVersion = 7.2.1;
						DevelopmentTeam = GMCJEFCRFD;
					};
					95432C3E1C97F19A00BC21C5 = {
						CreatedOnToolsVersion = 7.2.1;
						TestTargetID = 95432C2A1C97F19A00BC21C5;
					};
				};
			};
			buildConfigurationList = 95432C261C97F19A00BC21C5 /* Build configuration list for PBXProject "Assembly" */;
			compatibilityVersion = "Xcode 3.2";
			developmentRegion = English;
			hasScannedForEncodings = 0;
			knownRegions = (
				en,
				Base,
			);
			mainGroup = 95432C221C97F19A00BC21C5;
			productRefGroup = 95432C2C1C97F19A00BC21C5 /* Products */;
			projectDirPath = "";
			projectRoot = "";
			targets = (
				95432C2A1C97F19A00BC21C5 /* Assembly */,
				95432C3E1C97F19A00BC21C5 /* AssemblyUITests */,
			);
		};
/* End PBXProject section */

/* Begin PBXResourcesBuildPhase section */
		95432C291C97F19A00BC21C5 /* Resources */ = {
			isa = PBXResourcesBuildPhase;
			buildActionMask = 2147483647;
			files = (
				95432C391C97F19A00BC21C5 /* LaunchScreen.storyboard in Resources */,
				95432C361C97F19A00BC21C5 /* Assets.xcassets in Resources */,
				95432C341C97F19A00BC21C5 /* Main.storyboard in Resources */,
			);
			runOnlyForDeploymentPostprocessing = 0;
		};
		95432C3D1C97F19A00BC21C5 /* Resources */ = {
			isa = PBXResourcesBuildPhase;
			buildActionMask = 2147483647;
			files = (
			);
			runOnlyForDeploymentPostprocessing = 0;
		};
/* End PBXResourcesBuildPhase section */

/* Begin PBXSourcesBuildPhase section */
		95432C271C97F19A00BC21C5 /* Sources */ = {
			isa = PBXSourcesBuildPhase;
			buildActionMask = 2147483647;
			files = (
				9585E1F11CAF8FD800439290 /* PostEventViewController.swift in Sources */,
				95432C311C97F19A00BC21C5 /* ViewController.swift in Sources */,
				95566B331C991C0A003A7A45 /* EventAddress.swift in Sources */,
				952342A41CAD3F8300B52599 /* EventTableViewController.swift in Sources */,
				95509BE21C990EFD000B569C /* Event.swift in Sources */,
				95566B391C992CD3003A7A45 /* Model.swift in Sources */,
				952342A21CAD3E4A00B52599 /* EventTableViewCell.swift in Sources */,
				95566B361C991F07003A7A45 /* User.swift in Sources */,
				9592D8D61CB01793003A8E3F /* LoginViewController.swift in Sources */,
				95432C2F1C97F19A00BC21C5 /* AppDelegate.swift in Sources */,
			);
			runOnlyForDeploymentPostprocessing = 0;
		};
		95432C3B1C97F19A00BC21C5 /* Sources */ = {
			isa = PBXSourcesBuildPhase;
			buildActionMask = 2147483647;
			files = (
				95432C441C97F19A00BC21C5 /* AssemblyUITests.swift in Sources */,
			);
			runOnlyForDeploymentPostprocessing = 0;
		};
/* End PBXSourcesBuildPhase section */

/* Begin PBXTargetDependency section */
		95432C411C97F19A00BC21C5 /* PBXTargetDependency */ = {
			isa = PBXTargetDependency;
			target = 95432C2A1C97F19A00BC21C5 /* Assembly */;
			targetProxy = 95432C401C97F19A00BC21C5 /* PBXContainerItemProxy */;
		};
/* End PBXTargetDependency section */

/* Begin PBXVariantGroup section */
		95432C321C97F19A00BC21C5 /* Main.storyboard */ = {
			isa = PBXVariantGroup;
			children = (
				95432C331C97F19A00BC21C5 /* Base */,
			);
			name = Main.storyboard;
			sourceTree = "<group>";
		};
		95432C371C97F19A00BC21C5 /* LaunchScreen.storyboard */ = {
			isa = PBXVariantGroup;
			children = (
				95432C381C97F19A00BC21C5 /* Base */,
			);
			name = LaunchScreen.storyboard;
			sourceTree = "<group>";
		};
/* End PBXVariantGroup section */

/* Begin XCBuildConfiguration section */
		95432C461C97F19A00BC21C5 /* Debug */ = {
			isa = XCBuildConfiguration;
			buildSettings = {
				ALWAYS_SEARCH_USER_PATHS = NO;
				CLANG_CXX_LANGUAGE_STANDARD = "gnu++0x";
				CLANG_CXX_LIBRARY = "libc++";
				CLANG_ENABLE_MODULES = YES;
				CLANG_ENABLE_OBJC_ARC = YES;
				CLANG_WARN_BOOL_CONVERSION = YES;
				CLANG_WARN_CONSTANT_CONVERSION = YES;
				CLANG_WARN_DIRECT_OBJC_ISA_USAGE = YES_ERROR;
				CLANG_WARN_EMPTY_BODY = YES;
				CLANG_WARN_ENUM_CONVERSION = YES;
				CLANG_WARN_INT_CONVERSION = YES;
				CLANG_WARN_OBJC_ROOT_CLASS = YES_ERROR;
				CLANG_WARN_UNREACHABLE_CODE = YES;
				CLANG_WARN__DUPLICATE_METHOD_MATCH = YES;
				"CODE_SIGN_IDENTITY[sdk=iphoneos*]" = "iPhone Developer";
				COPY_PHASE_STRIP = NO;
				DEBUG_INFORMATION_FORMAT = dwarf;
				ENABLE_STRICT_OBJC_MSGSEND = YES;
				ENABLE_TESTABILITY = YES;
				GCC_C_LANGUAGE_STANDARD = gnu99;
				GCC_DYNAMIC_NO_PIC = NO;
				GCC_NO_COMMON_BLOCKS = YES;
				GCC_OPTIMIZATION_LEVEL = 0;
				GCC_PREPROCESSOR_DEFINITIONS = (
					"DEBUG=1",
					"$(inherited)",
				);
				GCC_WARN_64_TO_32_BIT_CONVERSION = YES;
				GCC_WARN_ABOUT_RETURN_TYPE = YES_ERROR;
				GCC_WARN_UNDECLARED_SELECTOR = YES;
				GCC_WARN_UNINITIALIZED_AUTOS = YES_AGGRESSIVE;
				GCC_WARN_UNUSED_FUNCTION = YES;
				GCC_WARN_UNUSED_VARIABLE = YES;
				IPHONEOS_DEPLOYMENT_TARGET = 9.2;
				MTL_ENABLE_DEBUG_INFO = YES;
				ONLY_ACTIVE_ARCH = YES;
				SDKROOT = iphoneos;
				SWIFT_OPTIMIZATION_LEVEL = "-Onone";
				TARGETED_DEVICE_FAMILY = "1,2";
			};
			name = Debug;
		};
		95432C471C97F19A00BC21C5 /* Release */ = {
			isa = XCBuildConfiguration;
			buildSettings = {
				ALWAYS_SEARCH_USER_PATHS = NO;
				CLANG_CXX_LANGUAGE_STANDARD = "gnu++0x";
				CLANG_CXX_LIBRARY = "libc++";
				CLANG_ENABLE_MODULES = YES;
				CLANG_ENABLE_OBJC_ARC = YES;
				CLANG_WARN_BOOL_CONVERSION = YES;
				CLANG_WARN_CONSTANT_CONVERSION = YES;
				CLANG_WARN_DIRECT_OBJC_ISA_USAGE = YES_ERROR;
				CLANG_WARN_EMPTY_BODY = YES;
				CLANG_WARN_ENUM_CONVERSION = YES;
				CLANG_WARN_INT_CONVERSION = YES;
				CLANG_WARN_OBJC_ROOT_CLASS = YES_ERROR;
				CLANG_WARN_UNREACHABLE_CODE = YES;
				CLANG_WARN__DUPLICATE_METHOD_MATCH = YES;
				"CODE_SIGN_IDENTITY[sdk=iphoneos*]" = "iPhone Developer";
				COPY_PHASE_STRIP = NO;
				DEBUG_INFORMATION_FORMAT = "dwarf-with-dsym";
				ENABLE_NS_ASSERTIONS = NO;
				ENABLE_STRICT_OBJC_MSGSEND = YES;
				GCC_C_LANGUAGE_STANDARD = gnu99;
				GCC_NO_COMMON_BLOCKS = YES;
				GCC_WARN_64_TO_32_BIT_CONVERSION = YES;
				GCC_WARN_ABOUT_RETURN_TYPE = YES_ERROR;
				GCC_WARN_UNDECLARED_SELECTOR = YES;
				GCC_WARN_UNINITIALIZED_AUTOS = YES_AGGRESSIVE;
				GCC_WARN_UNUSED_FUNCTION = YES;
				GCC_WARN_UNUSED_VARIABLE = YES;
				IPHONEOS_DEPLOYMENT_TARGET = 9.2;
				MTL_ENABLE_DEBUG_INFO = NO;
				SDKROOT = iphoneos;
				TARGETED_DEVICE_FAMILY = "1,2";
				VALIDATE_PRODUCT = YES;
			};
			name = Release;
		};
		95432C491C97F19A00BC21C5 /* Debug */ = {
			isa = XCBuildConfiguration;
			buildSettings = {
				ASSETCATALOG_COMPILER_APPICON_NAME = AppIcon;
				CODE_SIGN_IDENTITY = "iPhone Developer";
				"CODE_SIGN_IDENTITY[sdk=iphoneos*]" = "iPhone Developer";
				INFOPLIST_FILE = Assembly/Info.plist;
				LD_RUNPATH_SEARCH_PATHS = "$(inherited) @executable_path/Frameworks";
				PRODUCT_BUNDLE_IDENTIFIER = au.edu.rmit.s3471480.Assembly;
				PRODUCT_NAME = "$(TARGET_NAME)";
				PROVISIONING_PROFILE = "";
			};
			name = Debug;
		};
		95432C4A1C97F19A00BC21C5 /* Release */ = {
			isa = XCBuildConfiguration;
			buildSettings = {
				ASSETCATALOG_COMPILER_APPICON_NAME = AppIcon;
				CODE_SIGN_IDENTITY = "iPhone Developer";
				"CODE_SIGN_IDENTITY[sdk=iphoneos*]" = "iPhone Developer";
				INFOPLIST_FILE = Assembly/Info.plist;
				LD_RUNPATH_SEARCH_PATHS = "$(inherited) @executable_path/Frameworks";
				PRODUCT_BUNDLE_IDENTIFIER = au.edu.rmit.s3471480.Assembly;
				PRODUCT_NAME = "$(TARGET_NAME)";
				PROVISIONING_PROFILE = "";
			};
			name = Release;
		};
		95432C4C1C97F19A00BC21C5 /* Debug */ = {
			isa = XCBuildConfiguration;
			buildSettings = {
				INFOPLIST_FILE = AssemblyUITests/Info.plist;
				LD_RUNPATH_SEARCH_PATHS = "$(inherited) @executable_path/Frameworks @loader_path/Frameworks";
				PRODUCT_BUNDLE_IDENTIFIER = au.edu.rmit.s3471480.AssemblyUITests;
				PRODUCT_NAME = "$(TARGET_NAME)";
				TEST_TARGET_NAME = Assembly;
				USES_XCTRUNNER = YES;
			};
			name = Debug;
		};
		95432C4D1C97F19A00BC21C5 /* Release */ = {
			isa = XCBuildConfiguration;
			buildSettings = {
				INFOPLIST_FILE = AssemblyUITests/Info.plist;
				LD_RUNPATH_SEARCH_PATHS = "$(inherited) @executable_path/Frameworks @loader_path/Frameworks";
				PRODUCT_BUNDLE_IDENTIFIER = au.edu.rmit.s3471480.AssemblyUITests;
				PRODUCT_NAME = "$(TARGET_NAME)";
				TEST_TARGET_NAME = Assembly;
				USES_XCTRUNNER = YES;
			};
			name = Release;
		};
/* End XCBuildConfiguration section */

/* Begin XCConfigurationList section */
		95432C261C97F19A00BC21C5 /* Build configuration list for PBXProject "Assembly" */ = {
			isa = XCConfigurationList;
			buildConfigurations = (
				95432C461C97F19A00BC21C5 /* Debug */,
				95432C471C97F19A00BC21C5 /* Release */,
			);
			defaultConfigurationIsVisible = 0;
			defaultConfigurationName = Release;
		};
		95432C481C97F19A00BC21C5 /* Build configuration list for PBXNativeTarget "Assembly" */ = {
			isa = XCConfigurationList;
			buildConfigurations = (
				95432C491C97F19A00BC21C5 /* Debug */,
				95432C4A1C97F19A00BC21C5 /* Release */,
			);
			defaultConfigurationIsVisible = 0;
			defaultConfigurationName = Release;
		};
		95432C4B1C97F19A00BC21C5 /* Build configuration list for PBXNativeTarget "AssemblyUITests" */ = {
			isa = XCConfigurationList;
			buildConfigurations = (
				95432C4C1C97F19A00BC21C5 /* Debug */,
				95432C4D1C97F19A00BC21C5 /* Release */,
			);
			defaultConfigurationIsVisible = 0;
			defaultConfigurationName = Release;
		};
/* End XCConfigurationList section */
	};
	rootObject = 95432C231C97F19A00BC21C5 /* Project object */;
}
